
Microsoft Visual Studio Solution File, Format Version 12.00
# Visual Studio Version 17
VisualStudioVersion = 17.1.32421.90
MinimumVisualStudioVersion = 10.0.40219.1
Project("{FAE04EC0-301F-11D3-BF4B-00C04F79EFBC}") = "MarmProject.Business", "MarmProject.Business\MarmProject.Business.csproj", "{D3A01BFD-0DCC-40E7-A2F8-8CD889FC7BB1}"
EndProject
Project("{FAE04EC0-301F-11D3-BF4B-00C04F79EFBC}") = "MarmProject.DataAccess", "MarmProject.DataAccess\MarmProject.DataAccess.csproj", "{0C8DBB28-834D-4C56-A72F-5187D47E888D}"
EndProject
Project("{FAE04EC0-301F-11D3-BF4B-00C04F79EFBC}") = "MarmProject.Entities", "MarmProject.Entities\MarmProject.Entities.csproj", "{B37F3C62-B4D5-41BD-BC6D-37A389ED26F9}"
EndProject
Project("{FAE04EC0-301F-11D3-BF4B-00C04F79EFBC}") = "MarmProject.Core", "MarmProject.Core\MarmProject.Core.csproj", "{4B504E3A-1E12-41BE-9695-EB09DFD856C8}"
EndProject
Project("{FAE04EC0-301F-11D3-BF4B-00C04F79EFBC}") = "MarmProject.WebAPI", "MarmProject.WebAPI\MarmProject.WebAPI.csproj", "{0877CE59-BE65-40F3-9997-27B40EF92B77}"
EndProject
Global
	GlobalSection(SolutionConfigurationPlatforms) = preSolution
		Debug|Any CPU = Debug|Any CPU
		Release|Any CPU = Release|Any CPU
	EndGlobalSection
	GlobalSection(ProjectConfigurationPlatforms) = postSolution
		{D3A01BFD-0DCC-40E7-A2F8-8CD889FC7BB1}.Debug|Any CPU.ActiveCfg = Debug|Any CPU
		{D3A01BFD-0DCC-40E7-A2F8-8CD889FC7BB1}.Debug|Any CPU.Build.0 = Debug|Any CPU
		{D3A01BFD-0DCC-40E7-A2F8-8CD889FC7BB1}.Release|Any CPU.ActiveCfg = Release|Any CPU
		{D3A01BFD-0DCC-40E7-A2F8-8CD889FC7BB1}.Release|Any CPU.Build.0 = Release|Any CPU
		{0C8DBB28-834D-4C56-A72F-5187D47E888D}.Debug|Any CPU.ActiveCfg = Debug|Any CPU
		{0C8DBB28-834D-4C56-A72F-5187D47E888D}.Debug|Any CPU.Build.0 = Debug|Any CPU
		{0C8DBB28-834D-4C56-A72F-5187D47E888D}.Release|Any CPU.ActiveCfg = Release|Any CPU
		{0C8DBB28-834D-4C56-A72F-5187D47E888D}.Release|Any CPU.Build.0 = Release|Any CPU
		{B37F3C62-B4D5-41BD-BC6D-37A389ED26F9}.Debug|Any CPU.ActiveCfg = Debug|Any CPU
		{B37F3C62-B4D5-41BD-BC6D-37A389ED26F9}.Debug|Any CPU.Build.0 = Debug|Any CPU
		{B37F3C62-B4D5-41BD-BC6D-37A389ED26F9}.Release|Any CPU.ActiveCfg = Release|Any CPU
		{B37F3C62-B4D5-41BD-BC6D-37A389ED26F9}.Release|Any CPU.Build.0 = Release|Any CPU
		{4B504E3A-1E12-41BE-9695-EB09DFD856C8}.Debug|Any CPU.ActiveCfg = Debug|Any CPU
		{4B504E3A-1E12-41BE-9695-EB09DFD856C8}.Debug|Any CPU.Build.0 = Debug|Any CPU
		{4B504E3A-1E12-41BE-9695-EB09DFD856C8}.Release|Any CPU.ActiveCfg = Release|Any CPU
		{4B504E3A-1E12-41BE-9695-EB09DFD856C8}.Release|Any CPU.Build.0 = Release|Any CPU
		{0877CE59-BE65-40F3-9997-27B40EF92B77}.Debug|Any CPU.ActiveCfg = Debug|Any CPU
		{0877CE59-BE65-40F3-9997-27B40EF92B77}.Debug|Any CPU.Build.0 = Debug|Any CPU
		{0877CE59-BE65-40F3-9997-27B40EF92B77}.Release|Any CPU.ActiveCfg = Release|Any CPU
		{0877CE59-BE65-40F3-9997-27B40EF92B77}.Release|Any CPU.Build.0 = Release|Any CPU
	EndGlobalSection
	GlobalSection(SolutionProperties) = preSolution
		HideSolutionNode = FALSE
	EndGlobalSection
	GlobalSection(ExtensibilityGlobals) = postSolution
		SolutionGuid = {B96A4E3E-2A11-4EDD-8378-7B26C39F5938}
	EndGlobalSection
EndGlobal
